
Microsoft Visual Studio Solution File, Format Version 12.00
# Visual Studio Version 16
VisualStudioVersion = 16.0.29613.14
MinimumVisualStudioVersion = 15.0.26124.0
Project("{2150E333-8FDC-42A3-9474-1A3956D46DE8}") = "domain", "domain", "{1176BBFD-EC0B-4076-B57C-BFC84A49D85F}"
EndProject
Project("{9A19103F-16F7-4668-BE54-9A1E7A4F7556}") = "Store", "domain\Store\Store.csproj", "{40CFA7AF-0707-4EFB-8B8C-5246A78F43F3}"
EndProject
Project("{2150E333-8FDC-42A3-9474-1A3956D46DE8}") = "infastructure", "infastructure", "{B2282A46-757E-4E86-BAC6-964E040C1806}"
EndProject
Project("{FAE04EC0-301F-11D3-BF4B-00C04F79EFBC}") = "Store.Memory", "infastructure\Store.Memory\Store.Memory.csproj", "{99EF1B9A-A5BC-49CF-8653-5D7A96A47C9B}"
EndProject
Global
	GlobalSection(SolutionConfigurationPlatforms) = preSolution
		Debug|Any CPU = Debug|Any CPU
		Debug|x64 = Debug|x64
		Debug|x86 = Debug|x86
		Release|Any CPU = Release|Any CPU
		Release|x64 = Release|x64
		Release|x86 = Release|x86
	EndGlobalSection
	GlobalSection(ProjectConfigurationPlatforms) = postSolution
		{40CFA7AF-0707-4EFB-8B8C-5246A78F43F3}.Debug|Any CPU.ActiveCfg = Debug|Any CPU
		{40CFA7AF-0707-4EFB-8B8C-5246A78F43F3}.Debug|Any CPU.Build.0 = Debug|Any CPU
		{40CFA7AF-0707-4EFB-8B8C-5246A78F43F3}.Debug|x64.ActiveCfg = Debug|Any CPU
		{40CFA7AF-0707-4EFB-8B8C-5246A78F43F3}.Debug|x64.Build.0 = Debug|Any CPU
		{40CFA7AF-0707-4EFB-8B8C-5246A78F43F3}.Debug|x86.ActiveCfg = Debug|Any CPU
		{40CFA7AF-0707-4EFB-8B8C-5246A78F43F3}.Debug|x86.Build.0 = Debug|Any CPU
		{40CFA7AF-0707-4EFB-8B8C-5246A78F43F3}.Release|Any CPU.ActiveCfg = Release|Any CPU
		{40CFA7AF-0707-4EFB-8B8C-5246A78F43F3}.Release|Any CPU.Build.0 = Release|Any CPU
		{40CFA7AF-0707-4EFB-8B8C-5246A78F43F3}.Release|x64.ActiveCfg = Release|Any CPU
		{40CFA7AF-0707-4EFB-8B8C-5246A78F43F3}.Release|x64.Build.0 = Release|Any CPU
		{40CFA7AF-0707-4EFB-8B8C-5246A78F43F3}.Release|x86.ActiveCfg = Release|Any CPU
		{40CFA7AF-0707-4EFB-8B8C-5246A78F43F3}.Release|x86.Build.0 = Release|Any CPU
		{99EF1B9A-A5BC-49CF-8653-5D7A96A47C9B}.Debug|Any CPU.ActiveCfg = Debug|Any CPU
		{99EF1B9A-A5BC-49CF-8653-5D7A96A47C9B}.Debug|Any CPU.Build.0 = Debug|Any CPU
		{99EF1B9A-A5BC-49CF-8653-5D7A96A47C9B}.Debug|x64.ActiveCfg = Debug|Any CPU
		{99EF1B9A-A5BC-49CF-8653-5D7A96A47C9B}.Debug|x64.Build.0 = Debug|Any CPU
		{99EF1B9A-A5BC-49CF-8653-5D7A96A47C9B}.Debug|x86.ActiveCfg = Debug|Any CPU
		{99EF1B9A-A5BC-49CF-8653-5D7A96A47C9B}.Debug|x86.Build.0 = Debug|Any CPU
		{99EF1B9A-A5BC-49CF-8653-5D7A96A47C9B}.Release|Any CPU.ActiveCfg = Release|Any CPU
		{99EF1B9A-A5BC-49CF-8653-5D7A96A47C9B}.Release|Any CPU.Build.0 = Release|Any CPU
		{99EF1B9A-A5BC-49CF-8653-5D7A96A47C9B}.Release|x64.ActiveCfg = Release|Any CPU
		{99EF1B9A-A5BC-49CF-8653-5D7A96A47C9B}.Release|x64.Build.0 = Release|Any CPU
		{99EF1B9A-A5BC-49CF-8653-5D7A96A47C9B}.Release|x86.ActiveCfg = Release|Any CPU
		{99EF1B9A-A5BC-49CF-8653-5D7A96A47C9B}.Release|x86.Build.0 = Release|Any CPU
	EndGlobalSection
	GlobalSection(SolutionProperties) = preSolution
		HideSolutionNode = FALSE
	EndGlobalSection
	GlobalSection(NestedProjects) = preSolution
		{40CFA7AF-0707-4EFB-8B8C-5246A78F43F3} = {1176BBFD-EC0B-4076-B57C-BFC84A49D85F}
		{99EF1B9A-A5BC-49CF-8653-5D7A96A47C9B} = {B2282A46-757E-4E86-BAC6-964E040C1806}
	EndGlobalSection
	GlobalSection(ExtensibilityGlobals) = postSolution
		SolutionGuid = {413600E8-8A2D-40E1-89EF-7B97246CF85A}
	EndGlobalSection
EndGlobal
